
Microsoft Visual Studio Solution File, Format Version 12.00
# Visual Studio Version 16
VisualStudioVersion = 16.0.30413.136
MinimumVisualStudioVersion = 10.0.40219.1
Project("{9A19103F-16F7-4668-BE54-9A1E7A4F7556}") = "LAB4_1203819_2530019", "LAB4_1203819_2530019\LAB4_1203819_2530019.csproj", "{118E17AF-2039-4EAC-BD55-BA155BA2E04C}"
EndProject
Project("{9A19103F-16F7-4668-BE54-9A1E7A4F7556}") = "ArbolBinario", "ArbolBinario\ArbolBinario.csproj", "{FD538997-A2AF-47E2-96B1-9AC308A417EA}"
EndProject
Project("{9A19103F-16F7-4668-BE54-9A1E7A4F7556}") = "ArbolDePrioridad", "ArbolDePrioridad\ArbolDePrioridad.csproj", "{F7145097-F9C2-4444-B087-6396BF09CCCA}"
EndProject
Project("{9A19103F-16F7-4668-BE54-9A1E7A4F7556}") = "DoubleLinkList01", "DoubleLinkList01\DoubleLinkList01.csproj", "{6C538D44-56E5-450E-B860-A454DE5D471A}"
EndProject
Project("{9A19103F-16F7-4668-BE54-9A1E7A4F7556}") = "TablaHash", "TablaHash\TablaHash.csproj", "{3C3E9C4C-8575-4099-A144-29BB3A203A47}"
EndProject
Global
	GlobalSection(SolutionConfigurationPlatforms) = preSolution
		Debug|Any CPU = Debug|Any CPU
		Release|Any CPU = Release|Any CPU
	EndGlobalSection
	GlobalSection(ProjectConfigurationPlatforms) = postSolution
		{118E17AF-2039-4EAC-BD55-BA155BA2E04C}.Debug|Any CPU.ActiveCfg = Debug|Any CPU
		{118E17AF-2039-4EAC-BD55-BA155BA2E04C}.Debug|Any CPU.Build.0 = Debug|Any CPU
		{118E17AF-2039-4EAC-BD55-BA155BA2E04C}.Release|Any CPU.ActiveCfg = Release|Any CPU
		{118E17AF-2039-4EAC-BD55-BA155BA2E04C}.Release|Any CPU.Build.0 = Release|Any CPU
		{FD538997-A2AF-47E2-96B1-9AC308A417EA}.Debug|Any CPU.ActiveCfg = Debug|Any CPU
		{FD538997-A2AF-47E2-96B1-9AC308A417EA}.Debug|Any CPU.Build.0 = Debug|Any CPU
		{FD538997-A2AF-47E2-96B1-9AC308A417EA}.Release|Any CPU.ActiveCfg = Release|Any CPU
		{FD538997-A2AF-47E2-96B1-9AC308A417EA}.Release|Any CPU.Build.0 = Release|Any CPU
		{F7145097-F9C2-4444-B087-6396BF09CCCA}.Debug|Any CPU.ActiveCfg = Debug|Any CPU
		{F7145097-F9C2-4444-B087-6396BF09CCCA}.Debug|Any CPU.Build.0 = Debug|Any CPU
		{F7145097-F9C2-4444-B087-6396BF09CCCA}.Release|Any CPU.ActiveCfg = Release|Any CPU
		{F7145097-F9C2-4444-B087-6396BF09CCCA}.Release|Any CPU.Build.0 = Release|Any CPU
		{6C538D44-56E5-450E-B860-A454DE5D471A}.Debug|Any CPU.ActiveCfg = Debug|Any CPU
		{6C538D44-56E5-450E-B860-A454DE5D471A}.Debug|Any CPU.Build.0 = Debug|Any CPU
		{6C538D44-56E5-450E-B860-A454DE5D471A}.Release|Any CPU.ActiveCfg = Release|Any CPU
		{6C538D44-56E5-450E-B860-A454DE5D471A}.Release|Any CPU.Build.0 = Release|Any CPU
		{3C3E9C4C-8575-4099-A144-29BB3A203A47}.Debug|Any CPU.ActiveCfg = Debug|Any CPU
		{3C3E9C4C-8575-4099-A144-29BB3A203A47}.Debug|Any CPU.Build.0 = Debug|Any CPU
		{3C3E9C4C-8575-4099-A144-29BB3A203A47}.Release|Any CPU.ActiveCfg = Release|Any CPU
		{3C3E9C4C-8575-4099-A144-29BB3A203A47}.Release|Any CPU.Build.0 = Release|Any CPU
	EndGlobalSection
	GlobalSection(SolutionProperties) = preSolution
		HideSolutionNode = FALSE
	EndGlobalSection
	GlobalSection(ExtensibilityGlobals) = postSolution
		SolutionGuid = {2DEC09BC-120B-468F-9AE4-FB1194048971}
	EndGlobalSection
EndGlobal
